
Microsoft Visual Studio Solution File, Format Version 12.00
# Visual Studio Version 17
VisualStudioVersion = 17.0.32112.339
MinimumVisualStudioVersion = 10.0.40219.1
Project("{FAE04EC0-301F-11D3-BF4B-00C04F79EFBC}") = "PaymentAPI", "PaymentAPI\PaymentAPI.csproj", "{C71745A0-25C5-44A3-B2C0-9AAAEA89B253}"
EndProject
Global
	GlobalSection(SolutionConfigurationPlatforms) = preSolution
		Debug|Any CPU = Debug|Any CPU
		Release|Any CPU = Release|Any CPU
	EndGlobalSection
	GlobalSection(ProjectConfigurationPlatforms) = postSolution
		{C71745A0-25C5-44A3-B2C0-9AAAEA89B253}.Debug|Any CPU.ActiveCfg = Debug|Any CPU
		{C71745A0-25C5-44A3-B2C0-9AAAEA89B253}.Debug|Any CPU.Build.0 = Debug|Any CPU
		{C71745A0-25C5-44A3-B2C0-9AAAEA89B253}.Release|Any CPU.ActiveCfg = Release|Any CPU
		{C71745A0-25C5-44A3-B2C0-9AAAEA89B253}.Release|Any CPU.Build.0 = Release|Any CPU
	EndGlobalSection
	GlobalSection(SolutionProperties) = preSolution
		HideSolutionNode = FALSE
	EndGlobalSection
	GlobalSection(ExtensibilityGlobals) = postSolution
		SolutionGuid = {488999CB-95E5-4C71-B2C7-3A6F24450C5F}
	EndGlobalSection
EndGlobal
